{
    "_meta": {
        "hash": {
            "sha256": "262dda8ce5d651847802b15584f2b54afd451c3639fc303fa8babe9b7273f956"
        },
        "pipfile-spec": 6,
        "requires": {
            "python_version": "3.8"
        },
        "sources": [
            {
                "name": "pypi",
                "url": "https://pypi.org/simple",
                "verify_ssl": true
            }
        ]
    },
    "default": {
        "alembic": {
            "hashes": [
                "sha256:4e02ed2aa796bd179965041afa092c55b51fb077de19d61835673cc80672c01c",
                "sha256:5334f32314fb2a56d86b4c4dd1ae34b08c03cae4cb888bc699942104d66bc245"
            ],
            "index": "pypi",
            "version": "==1.4.3"
        },
        "botocore": {
            "hashes": [
                "sha256:20a864fc6570ba11d52532c72c3ccabab5c71a9b4a9418601a313d56f1d2ce5b",
                "sha256:37ec76ea2df8609540ba6cb0fe360ae1c589d2e1ee91eb642fd767823f3fcedd"
            ],
            "index": "pypi",
            "version": "==1.20.54"
        },
        "certifi": {
            "hashes": [
                "sha256:1a4995114262bffbc2413b159f2a1a480c969de6e6eb13ee966d470af86af59c",
                "sha256:719a74fb9e33b9bd44cc7f3a8d94bc35e4049deebe19ba7d8e108280cfd59830"
            ],
            "index": "pypi",
            "version": "==2020.12.5"
        },
        "chardet": {
            "hashes": [
                "sha256:0d6f53a15db4120f2b08c94f11e7d93d2c911ee118b6b30a04ec3ee8310179fa",
                "sha256:f864054d66fd9118f2e67044ac8981a54775ec5b67aed0441892edb553d21da5"
            ],
            "index": "pypi",
            "version": "==4.0.0"
        },
        "click": {
            "hashes": [
                "sha256:d2b5255c7c6349bc1bd1e59e08cd12acbbd63ce649f2588755783aa94dfb6b1a",
                "sha256:dacca89f4bfadd5de3d7489b7c8a566eee0d3676333fbb50030263894c38c0dc"
            ],
            "index": "pypi",
            "version": "==7.1.2"
        },
        "decorator": {
            "hashes": [
                "sha256:41fa54c2a0cc4ba648be4fd43cff00aedf5b9465c9bf18d64325bc225f08f760",
                "sha256:e3a62f0520172440ca0dcc823749319382e377f37f140a0b99ef45fecb84bfe7"
            ],
            "index": "pypi",
            "version": "==4.4.2"
        },
        "dnspython": {
            "hashes": [
                "sha256:95d12f6ef0317118d2a1a6fc49aac65ffec7eb8087474158f42f26a639135216",
                "sha256:e4a87f0b573201a0f3727fa18a516b055fd1107e0e5477cded4a2de497df1dd4"
            ],
            "index": "pypi",
            "version": "==2.1.0"
        },
        "email-validator": {
            "hashes": [
                "sha256:094b1d1c60d790649989d38d34f69e1ef07792366277a2cf88684d03495d018f",
                "sha256:1a13bd6050d1db4475f13e444e169b6fe872434922d38968c67cea9568cce2f0"
            ],
            "index": "pypi",
            "version": "==1.1.2"
        },
        "flask": {
            "hashes": [
                "sha256:4efa1ae2d7c9865af48986de8aeb8504bf32c7f3d6fdc9353d34b21f4b127060",
                "sha256:8a4fdd8936eba2512e9c85df320a37e694c93945b33ef33c89946a340a238557"
            ],
            "index": "pypi",
            "version": "==1.1.2"
        },
        "flask-cors": {
            "hashes": [
                "sha256:72170423eb4612f0847318afff8c247b38bd516b7737adfc10d1c2cdbb382d16",
                "sha256:f4d97201660e6bbcff2d89d082b5b6d31abee04b1b3003ee073a6fd25ad1d69a"
            ],
            "index": "pypi",
            "version": "==3.0.8"
        },
        "flask-jwt-extended": {
            "hashes": [
                "sha256:0aa8ee6fa7eb3be9314e39dd199ac8e19389a95371f9d54e155c7aa635e319dd"
            ],
            "index": "pypi",
            "version": "==3.24.1"
        },
        "flask-login": {
            "hashes": [
                "sha256:6d33aef15b5bcead780acc339464aae8a6e28f13c90d8b1cf9de8b549d1c0b4b",
                "sha256:7451b5001e17837ba58945aead261ba425fdf7b4f0448777e597ddab39f4fba0"
            ],
            "index": "pypi",
            "version": "==0.5.0"
        },
        "flask-migrate": {
            "hashes": [
                "sha256:4dc4a5cce8cbbb06b8dc963fd86cf8136bd7d875aabe2d840302ea739b243732",
                "sha256:a69d508c2e09d289f6e55a417b3b8c7bfe70e640f53d2d9deb0d056a384f37ee"
            ],
            "index": "pypi",
            "version": "==2.5.3"
        },
        "flask-pymongo": {
            "hashes": [
                "sha256:620eb02dc8808a5fcb90f26cab6cba9d6bf497b15032ae3ca99df80366e33314",
                "sha256:8a9577a2c6d00b49f21cb5a5a8d72561730364a2d745551a85349ab02f86fc73"
            ],
            "index": "pypi",
            "version": "==2.3.0"
        },
        "flask-sqlalchemy": {
            "hashes": [
                "sha256:05b31d2034dd3f2a685cbbae4cfc4ed906b2a733cff7964ada450fd5e462b84e",
                "sha256:bfc7150eaf809b1c283879302f04c42791136060c6eeb12c0c6674fb1291fae5"
            ],
            "index": "pypi",
            "version": "==2.4.4"
        },
        "flask-wtf": {
            "hashes": [
                "sha256:57b3faf6fe5d6168bda0c36b0df1d05770f8e205e18332d0376ddb954d17aef2",
                "sha256:d417e3a0008b5ba583da1763e4db0f55a1269d9dd91dcc3eb3c026d3c5dbd720"
            ],
            "index": "pypi",
            "version": "==0.14.3"
        },
        "gunicorn": {
            "hashes": [
                "sha256:1904bb2b8a43658807108d59c3f3d56c2b6121a701161de0ddf9ad140073c626",
                "sha256:cd4a810dd51bf497552cf3f863b575dabd73d6ad6a91075b65936b151cbf4f9c"
            ],
            "index": "pypi",
            "version": "==20.0.4"
        },
        "idna": {
            "hashes": [
                "sha256:b307872f855b18632ce0c21c5e45be78c0ea7ae4c15c828c20788b26921eb3f6",
                "sha256:b97d804b1e9b523befed77c48dacec60e6dcb0b5391d57af6a65a312a90648c0"
            ],
            "index": "pypi",
            "version": "==2.10"
        },
        "imageio": {
            "hashes": [
                "sha256:3604d751f03002e8e0e7650aa71d8d9148144a87daf17cb1f3228e80747f2e6b",
                "sha256:52ddbaeca2dccf53ba2d6dec5676ca7bc3b2403ef8b37f7da78b7654bb3e10f0"
            ],
            "index": "pypi",
            "version": "==2.9.0"
        },
        "imageio-ffmpeg": {
            "hashes": [
                "sha256:3b00bb04e8649f60d5ede91aa47b754283d1fa9fd8d40803d9871c8afd72cd50",
                "sha256:4b8067bf1ead54b03fa7fa37f80ce152b34426e128aa835131b04eb64ee52b32",
                "sha256:5b69f9390f791a0f1e125ae5244dcb8a6dbb7008195d047d529225a7ef351be4",
                "sha256:b1b9cc52ead5ea0c6e9806bcce4d6d1b0d8d4e9baf017af090fb932cc37ad6b0",
                "sha256:f826260a3207b872f1a4ba87ec0c8e02c00afba4fd03348a59049bdd8215841e"
            ],
            "index": "pypi",
            "version": "==0.4.3"
        },
        "itsdangerous": {
            "hashes": [
                "sha256:321b033d07f2a4136d3ec762eac9f16a10ccd60f53c0c91af90217ace7ba1f19",
                "sha256:b12271b2047cb23eeb98c8b5622e2e5c5e9abd9784a153e9d8ef9cb4dd09d749"
            ],
            "index": "pypi",
            "version": "==1.1.0"
        },
        "jinja2": {
            "hashes": [
                "sha256:89aab215427ef59c34ad58735269eb58b1a5808103067f7bb9d5836c651b3bb0",
                "sha256:f0a4641d3cf955324a89c04f3d94663aa4d638abe8f733ecd3582848e1c37035"
            ],
            "index": "pypi",
            "version": "==2.11.2"
        },
        "jmespath": {
            "hashes": [
                "sha256:b85d0567b8666149a93172712e68920734333c0ce7e89b78b3e987f71e5ed4f9",
                "sha256:cdf6525904cc597730141d61b36f2e4b8ecc257c420fa2f4549bac2c2d0cb72f"
            ],
            "index": "pypi",
            "version": "==0.10.0"
        },
        "mako": {
            "hashes": [
                "sha256:8195c8c1400ceb53496064314c6736719c6f25e7479cd24c77be3d9361cddc27",
                "sha256:93729a258e4ff0747c876bd9e20df1b9758028946e976324ccd2d68245c7b6a9"
            ],
            "index": "pypi",
            "version": "==1.1.3"
        },
        "markupsafe": {
            "hashes": [
                "sha256:00bc623926325b26bb9605ae9eae8a215691f33cae5df11ca5424f06f2d1f473",
                "sha256:09027a7803a62ca78792ad89403b1b7a73a01c8cb65909cd876f7fcebd79b161",
                "sha256:09c4b7f37d6c648cb13f9230d847adf22f8171b1ccc4d5682398e77f40309235",
                "sha256:1027c282dad077d0bae18be6794e6b6b8c91d58ed8a8d89a89d59693b9131db5",
                "sha256:13d3144e1e340870b25e7b10b98d779608c02016d5184cfb9927a9f10c689f42",
                "sha256:195d7d2c4fbb0ee8139a6cf67194f3973a6b3042d742ebe0a9ed36d8b6f0c07f",
                "sha256:22c178a091fc6630d0d045bdb5992d2dfe14e3259760e713c490da5323866c39",
                "sha256:24982cc2533820871eba85ba648cd53d8623687ff11cbb805be4ff7b4c971aff",
                "sha256:29872e92839765e546828bb7754a68c418d927cd064fd4708fab9fe9c8bb116b",
                "sha256:2beec1e0de6924ea551859edb9e7679da6e4870d32cb766240ce17e0a0ba2014",
                "sha256:3b8a6499709d29c2e2399569d96719a1b21dcd94410a586a18526b143ec8470f",
                "sha256:43a55c2930bbc139570ac2452adf3d70cdbb3cfe5912c71cdce1c2c6bbd9c5d1",
                "sha256:46c99d2de99945ec5cb54f23c8cd5689f6d7177305ebff350a58ce5f8de1669e",
                "sha256:500d4957e52ddc3351cabf489e79c91c17f6e0899158447047588650b5e69183",
                "sha256:535f6fc4d397c1563d08b88e485c3496cf5784e927af890fb3c3aac7f933ec66",
                "sha256:596510de112c685489095da617b5bcbbac7dd6384aeebeda4df6025d0256a81b",
                "sha256:62fe6c95e3ec8a7fad637b7f3d372c15ec1caa01ab47926cfdf7a75b40e0eac1",
                "sha256:6788b695d50a51edb699cb55e35487e430fa21f1ed838122d722e0ff0ac5ba15",
                "sha256:6dd73240d2af64df90aa7c4e7481e23825ea70af4b4922f8ede5b9e35f78a3b1",
                "sha256:6f1e273a344928347c1290119b493a1f0303c52f5a5eae5f16d74f48c15d4a85",
                "sha256:6fffc775d90dcc9aed1b89219549b329a9250d918fd0b8fa8d93d154918422e1",
                "sha256:717ba8fe3ae9cc0006d7c451f0bb265ee07739daf76355d06366154ee68d221e",
                "sha256:79855e1c5b8da654cf486b830bd42c06e8780cea587384cf6545b7d9ac013a0b",
                "sha256:7c1699dfe0cf8ff607dbdcc1e9b9af1755371f92a68f706051cc8c37d447c905",
                "sha256:7fed13866cf14bba33e7176717346713881f56d9d2bcebab207f7a036f41b850",
                "sha256:84dee80c15f1b560d55bcfe6d47b27d070b4681c699c572af2e3c7cc90a3b8e0",
                "sha256:88e5fcfb52ee7b911e8bb6d6aa2fd21fbecc674eadd44118a9cc3863f938e735",
                "sha256:8defac2f2ccd6805ebf65f5eeb132adcf2ab57aa11fdf4c0dd5169a004710e7d",
                "sha256:98bae9582248d6cf62321dcb52aaf5d9adf0bad3b40582925ef7c7f0ed85fceb",
                "sha256:98c7086708b163d425c67c7a91bad6e466bb99d797aa64f965e9d25c12111a5e",
                "sha256:9add70b36c5666a2ed02b43b335fe19002ee5235efd4b8a89bfcf9005bebac0d",
                "sha256:9bf40443012702a1d2070043cb6291650a0841ece432556f784f004937f0f32c",
                "sha256:a6a744282b7718a2a62d2ed9d993cad6f5f585605ad352c11de459f4108df0a1",
                "sha256:acf08ac40292838b3cbbb06cfe9b2cb9ec78fce8baca31ddb87aaac2e2dc3bc2",
                "sha256:ade5e387d2ad0d7ebf59146cc00c8044acbd863725f887353a10df825fc8ae21",
                "sha256:b00c1de48212e4cc9603895652c5c410df699856a2853135b3967591e4beebc2",
                "sha256:b1282f8c00509d99fef04d8ba936b156d419be841854fe901d8ae224c59f0be5",
                "sha256:b1dba4527182c95a0db8b6060cc98ac49b9e2f5e64320e2b56e47cb2831978c7",
                "sha256:b2051432115498d3562c084a49bba65d97cf251f5a331c64a12ee7e04dacc51b",
                "sha256:b7d644ddb4dbd407d31ffb699f1d140bc35478da613b441c582aeb7c43838dd8",
                "sha256:ba59edeaa2fc6114428f1637ffff42da1e311e29382d81b339c1817d37ec93c6",
                "sha256:bf5aa3cbcfdf57fa2ee9cd1822c862ef23037f5c832ad09cfea57fa846dec193",
                "sha256:c8716a48d94b06bb3b2524c2b77e055fb313aeb4ea620c8dd03a105574ba704f",
                "sha256:caabedc8323f1e93231b52fc32bdcde6db817623d33e100708d9a68e1f53b26b",
                "sha256:cd5df75523866410809ca100dc9681e301e3c27567cf498077e8551b6d20e42f",
                "sha256:cdb132fc825c38e1aeec2c8aa9338310d29d337bebbd7baa06889d09a60a1fa2",
                "sha256:d53bc011414228441014aa71dbec320c66468c1030aae3a6e29778a3382d96e5",
                "sha256:d73a845f227b0bfe8a7455ee623525ee656a9e2e749e4742706d80a6065d5e2c",
                "sha256:d9be0ba6c527163cbed5e0857c451fcd092ce83947944d6c14bc95441203f032",
                "sha256:e249096428b3ae81b08327a63a485ad0878de3fb939049038579ac0ef61e17e7",
                "sha256:e8313f01ba26fbbe36c7be1966a7b7424942f670f38e666995b88d012765b9be",
                "sha256:feb7b34d6325451ef96bc0e36e1a6c0c1c64bc1fbec4b854f4529e51887b1621"
            ],
            "index": "pypi",
            "version": "==1.1.1"
        },
        "moviepy": {
            "hashes": [
                "sha256:2884e35d1788077db3ff89e763c5ba7bfddbd7ae9108c9bc809e7ba58fa433f5"
            ],
            "index": "pypi",
            "version": "==1.0.3"
        },
        "numpy": {
            "hashes": [
                "sha256:2428b109306075d89d21135bdd6b785f132a1f5a3260c371cee1fae427e12727",
                "sha256:377751954da04d4a6950191b20539066b4e19e3b559d4695399c5e8e3e683bf6",
                "sha256:4703b9e937df83f5b6b7447ca5912b5f5f297aba45f91dbbbc63ff9278c7aa98",
                "sha256:471c0571d0895c68da309dacee4e95a0811d0a9f9f532a48dc1bea5f3b7ad2b7",
                "sha256:61d5b4cf73622e4d0c6b83408a16631b670fc045afd6540679aa35591a17fe6d",
                "sha256:6c915ee7dba1071554e70a3664a839fbc033e1d6528199d4621eeaaa5487ccd2",
                "sha256:6e51e417d9ae2e7848314994e6fc3832c9d426abce9328cf7571eefceb43e6c9",
                "sha256:719656636c48be22c23641859ff2419b27b6bdf844b36a2447cb39caceb00935",
                "sha256:780ae5284cb770ade51d4b4a7dce4faa554eb1d88a56d0e8b9f35fca9b0270ff",
                "sha256:878922bf5ad7550aa044aa9301d417e2d3ae50f0f577de92051d739ac6096cee",
                "sha256:924dc3f83de20437de95a73516f36e09918e9c9c18d5eac520062c49191025fb",
                "sha256:97ce8b8ace7d3b9288d88177e66ee75480fb79b9cf745e91ecfe65d91a856042",
                "sha256:9c0fab855ae790ca74b27e55240fe4f2a36a364a3f1ebcfd1fb5ac4088f1cec3",
                "sha256:9cab23439eb1ebfed1aaec9cd42b7dc50fc96d5cd3147da348d9161f0501ada5",
                "sha256:a8e6859913ec8eeef3dbe9aed3bf475347642d1cdd6217c30f28dee8903528e6",
                "sha256:aa046527c04688af680217fffac61eec2350ef3f3d7320c07fd33f5c6e7b4d5f",
                "sha256:abc81829c4039e7e4c30f7897938fa5d4916a09c2c7eb9b244b7a35ddc9656f4",
                "sha256:bad70051de2c50b1a6259a6df1daaafe8c480ca98132da98976d8591c412e737",
                "sha256:c73a7975d77f15f7f68dacfb2bca3d3f479f158313642e8ea9058eea06637931",
                "sha256:d15007f857d6995db15195217afdbddfcd203dfaa0ba6878a2f580eaf810ecd6",
                "sha256:d76061ae5cab49b83a8cf3feacefc2053fac672728802ac137dd8c4123397677",
                "sha256:e8e4fbbb7e7634f263c5b0150a629342cc19b47c5eba8d1cd4363ab3455ab576",
                "sha256:e9459f40244bb02b2f14f6af0cd0732791d72232bbb0dc4bab57ef88e75f6935",
                "sha256:edb1f041a9146dcf02cd7df7187db46ab524b9af2515f392f337c7cbbf5b52cd"
            ],
            "index": "pypi",
            "version": "==1.20.2"
        },
        "pillow": {
            "hashes": [
                "sha256:01425106e4e8cee195a411f729cff2a7d61813b0b11737c12bd5991f5f14bcd5",
                "sha256:031a6c88c77d08aab84fecc05c3cde8414cd6f8406f4d2b16fed1e97634cc8a4",
                "sha256:083781abd261bdabf090ad07bb69f8f5599943ddb539d64497ed021b2a67e5a9",
                "sha256:0d19d70ee7c2ba97631bae1e7d4725cdb2ecf238178096e8c82ee481e189168a",
                "sha256:0e04d61f0064b545b989126197930807c86bcbd4534d39168f4aa5fda39bb8f9",
                "sha256:12e5e7471f9b637762453da74e390e56cc43e486a88289995c1f4c1dc0bfe727",
                "sha256:22fd0f42ad15dfdde6c581347eaa4adb9a6fc4b865f90b23378aa7914895e120",
                "sha256:238c197fc275b475e87c1453b05b467d2d02c2915fdfdd4af126145ff2e4610c",
                "sha256:3b570f84a6161cf8865c4e08adf629441f56e32f180f7aa4ccbd2e0a5a02cba2",
                "sha256:463822e2f0d81459e113372a168f2ff59723e78528f91f0bd25680ac185cf797",
                "sha256:4d98abdd6b1e3bf1a1cbb14c3895226816e666749ac040c4e2554231068c639b",
                "sha256:5afe6b237a0b81bd54b53f835a153770802f164c5570bab5e005aad693dab87f",
                "sha256:5b70110acb39f3aff6b74cf09bb4169b167e2660dabc304c1e25b6555fa781ef",
                "sha256:5cbf3e3b1014dddc45496e8cf38b9f099c95a326275885199f427825c6522232",
                "sha256:624b977355cde8b065f6d51b98497d6cd5fbdd4f36405f7a8790e3376125e2bb",
                "sha256:63728564c1410d99e6d1ae8e3b810fe012bc440952168af0a2877e8ff5ab96b9",
                "sha256:66cc56579fd91f517290ab02c51e3a80f581aba45fd924fcdee01fa06e635812",
                "sha256:6c32cc3145928c4305d142ebec682419a6c0a8ce9e33db900027ddca1ec39178",
                "sha256:8b56553c0345ad6dcb2e9b433ae47d67f95fc23fe28a0bde15a120f25257e291",
                "sha256:8bb1e155a74e1bfbacd84555ea62fa21c58e0b4e7e6b20e4447b8d07990ac78b",
                "sha256:95d5ef984eff897850f3a83883363da64aae1000e79cb3c321915468e8c6add5",
                "sha256:a013cbe25d20c2e0c4e85a9daf438f85121a4d0344ddc76e33fd7e3965d9af4b",
                "sha256:a787ab10d7bb5494e5f76536ac460741788f1fbce851068d73a87ca7c35fc3e1",
                "sha256:a7d5e9fad90eff8f6f6106d3b98b553a88b6f976e51fce287192a5d2d5363713",
                "sha256:aac00e4bc94d1b7813fe882c28990c1bc2f9d0e1aa765a5f2b516e8a6a16a9e4",
                "sha256:b91c36492a4bbb1ee855b7d16fe51379e5f96b85692dc8210831fbb24c43e484",
                "sha256:c03c07ed32c5324939b19e36ae5f75c660c81461e312a41aea30acdd46f93a7c",
                "sha256:c5236606e8570542ed424849f7852a0ff0bce2c4c8d0ba05cc202a5a9c97dee9",
                "sha256:c6b39294464b03457f9064e98c124e09008b35a62e3189d3513e5148611c9388",
                "sha256:cb7a09e173903541fa888ba010c345893cd9fc1b5891aaf060f6ca77b6a3722d",
                "sha256:d68cb92c408261f806b15923834203f024110a2e2872ecb0bd2a110f89d3c602",
                "sha256:dc38f57d8f20f06dd7c3161c59ca2c86893632623f33a42d592f097b00f720a9",
                "sha256:e98eca29a05913e82177b3ba3d198b1728e164869c613d76d0de4bde6768a50e",
                "sha256:f217c3954ce5fd88303fc0c317af55d5e0204106d86dea17eb8205700d47dec2"
            ],
            "index": "pypi",
            "version": "==8.2.0"
        },
        "proglog": {
            "hashes": [
                "sha256:d8c4ccbf2138e0c5e3f3fc0d80dc51d7e69dcfe8bfde4cacb566725092a5b18d"
            ],
            "index": "pypi",
            "version": "==0.1.9"
        },
        "pyjwt": {
            "hashes": [
                "sha256:5c6eca3c2940464d106b99ba83b00c6add741c9becaec087fb7ccdefea71350e",
                "sha256:8d59a976fb773f3e6a39c85636357c4f0e242707394cadadd9814f5cbaa20e96"
            ],
            "index": "pypi",
            "version": "==1.7.1"
        },
        "pymongo": {
            "hashes": [
                "sha256:02dc0b0f48ed3cd06c13b7e31b066bf91e00dac5f8147b0a0a45f9009bfab857",
                "sha256:053b4ebf91c7395d1fcd2ce6a9edff0024575b7b2de6781554a4114448a8adc9",
                "sha256:070a4ef689c9438a999ec3830e69b208ff0d12251846e064d947f97d819d1d05",
                "sha256:072ba7cb65c8aa4d5c5659bf6722ee85781c9d7816dc00679b8b6f3dff1ddafc",
                "sha256:0b6055e0ef451ff73c93d0348d122a0750dddf323b9361de5835dac2f6cf7fc1",
                "sha256:11f9e0cfc84ade088a38df2708d0b958bb76360181df1b2e1e1a41beaa57952b",
                "sha256:18290649759f9db660972442aa606f845c368db9b08c4c73770f6da14113569b",
                "sha256:186104a94d39b8412f8e3de385acd990a628346a4402d4f3a288a82b8660bd22",
                "sha256:1970cfe2aec1bf74b40cf30c130ad10cd968941694630386db33e1d044c22a2e",
                "sha256:19d4bd0fc29aa405bb1781456c9cfff9fceabb68543741eb17234952dbc2bbb0",
                "sha256:1bab889ae7640eba739f67fcbf8eff252dddc60d4495e6ddd3a87cd9a95fdb52",
                "sha256:1bc6fe7279ff40c6818db002bf5284aa03ec181ea1b1ceaeee33c289d412afa7",
                "sha256:208debdcf76ed39ebf24f38509f50dc1c100e31e8653817fedb8e1f867850a13",
                "sha256:2399a85b54f68008e483b2871f4a458b4c980469c7fe921595ede073e4844f1e",
                "sha256:246ec420e4c8744fceb4e259f906211b9c198e1f345e6158dcd7cbad3737e11e",
                "sha256:24f8aeec4d6b894a6128844e50ff423dd02462ee83addf503c598ee3a80ddf3d",
                "sha256:255a35bf29185f44b412e31a927d9dcedda7c2c380127ecc4fbf2f61b72fa978",
                "sha256:2dbfbbded947a83a3dffc2bd1ec4750c17e40904692186e2c55a3ad314ca0222",
                "sha256:2e92aa32300a0b5e4175caec7769f482b292769807024a86d674b3f19b8e3755",
                "sha256:316c1b8723afa9870567cd6dff35d440b2afeda53aa13da6c5ab85f98ed6f5ca",
                "sha256:333bfad77aa9cd11711febfb75eed0bb537a1d022e1c252714dad38993590240",
                "sha256:39dafa2eaf577d1969f289dc9a44501859a1897eb45bd589e93ce843fc610800",
                "sha256:3ce83f17f641a62a4dfb0ba1b8a3c1ced7c842f511b5450d90c030c7828e3693",
                "sha256:46d5ec90276f71af3a29917b30f2aec2315a2759b5f8d45b3b63a07ca8a070a3",
                "sha256:48d5bc80ab0af6b60c4163c5617f5cd23f2f880d7600940870ea5055816af024",
                "sha256:4ba0def4abef058c0e5101e05e3d5266e6fffb9795bbf8be0fe912a7361a0209",
                "sha256:5af390fa9faf56c93252dab09ea57cd020c9123aa921b63a0ed51832fdb492e7",
                "sha256:5e574664f1468872cd40f74e4811e22b1aa4de9399d6bcfdf1ee6ea94c017fcf",
                "sha256:625befa3bc9b40746a749115cc6a15bf20b9bd7597ca55d646205b479a2c99c7",
                "sha256:6261bee7c5abadeac7497f8f1c43e521da78dd13b0a2439f526a7b0fc3788824",
                "sha256:657ad80de8ec9ed656f28844efc801a0802961e8c6a85038d97ff6f555ef4919",
                "sha256:6b89dc51206e4971c5568c797991eaaef5dc2a6118d67165858ad11752dba055",
                "sha256:6e66780f14c2efaf989cd3ac613b03ee6a8e3a0ba7b96c0bb14adca71a427e55",
                "sha256:6fb3f85870ae26896bb44e67db94045f2ebf00c5d41e6b66cdcbb5afd644fc18",
                "sha256:701e08457183da70ed96b35a6b43e6ba1df0b47c837b063cde39a1fbe1aeda81",
                "sha256:70761fd3c576b027eec882b43ee0a8e5b22ff9c20cdf4d0400e104bc29e53e34",
                "sha256:73b400fdc22de84bae0dbf1a22613928a41612ec0a3d6ed47caf7ad4d3d0f2ff",
                "sha256:7412a36798966624dc4c57d64aa43c2d1100b348abd98daaac8e99e57d87e1d7",
                "sha256:78ecb8d42f50d393af912bfb1fb1dcc9aabe9967973efb49ee577e8f1cea494c",
                "sha256:7c6a9948916a7bbcc6d3a9f6fb75db1acb5546078023bfb3db6efabcd5a67527",
                "sha256:7c72d08acdf573455b2b9d2b75b8237654841d63a48bc2327dc102c6ee89b75a",
                "sha256:7d98ce3c42921bb91566121b658e0d9d59a9082a9bd6f473190607ff25ab637f",
                "sha256:845a8b83798b2fb11b09928413cb32692866bfbc28830a433d9fa4c8c3720dd0",
                "sha256:94d38eba4d1b5eb3e6bfece0651b855a35c44f32fd91f512ab4ba41b8c0d3e66",
                "sha256:9a13661681d17e43009bb3e85e837aa1ec5feeea1e3654682a01b8821940f8b3",
                "sha256:a0e5dff6701fa615f165306e642709e1c1550d5b237c5a7a6ea299886828bd50",
                "sha256:a2239556ff7241584ce57be1facf25081669bb457a9e5cbe68cce4aae6567aa1",
                "sha256:a325600c83e61e3c9cebc0c2b1c8c4140fa887f789085075e8f44c8ff2547eb9",
                "sha256:a3566acfbcde46911c52810374ecc0354fdb841284a3efef6ff7105bc007e9a8",
                "sha256:a634a4730ce0b0934ed75e45beba730968e12b4dafbb22f69b3b2f616d9e644e",
                "sha256:a6d055f01b83b1a4df8bb0c61983d3bdffa913764488910af3620e5c2450bf83",
                "sha256:a752ecd1a26000a6d67be7c9a2e93801994a8b3f866ac95b672fbc00225ca91a",
                "sha256:a9ba2a63777027b06b116e1ea8248e66fd1bedc2c644f93124b81a91ddbf6d88",
                "sha256:aaa038eafb7186a4abbb311fcf20724be9363645882bbce540bef4797e812a7a",
                "sha256:af586e85144023686fb0af09c8cdf672484ea182f352e7ceead3d832de381e1b",
                "sha256:b0a0cf39f589e52d801fdef418305562bc030cdf8929217463c8433c65fd5c2f",
                "sha256:b1c4874331ab960429caca81acb9d2932170d66d6d6f87e65dc4507a85aca152",
                "sha256:b3b5b3cbc3fdf4fcfa292529df2a85b5d9c7053913a739d3069af1e12e12219f",
                "sha256:b542d56ed1b8d5cf3bb36326f814bd2fbe8812dfd2582b80a15689ea433c0e35",
                "sha256:b6ea08758b6673610b3c5bdf47189286cf9c58b1077558706a2f6f8744922527",
                "sha256:b754240daafecd9d5fce426b0fbaaed03f4ebb130745c8a4ae9231fffb8d75e5",
                "sha256:b772bab31cbd9cb911e41e1a611ebc9497f9a32a7348e2747c38210f75c00f41",
                "sha256:b88d1742159bc93a078733f9789f563cef26f5e370eba810476a71aa98e5fbc2",
                "sha256:b8bf42d3b32f586f4c9e37541769993783a534ad35531ce8a4379f6fa664fba9",
                "sha256:bc9ac81e73573516070d24ce15da91281922811f385645df32bd3c8a45ab4684",
                "sha256:c188db6cf9e14dbbb42f5254292be96f05374a35e7dfa087cc2140f0ff4f10f6",
                "sha256:c55782a55f4a013a78ac5b6ee4b8731a192dea7ab09f1b6b3044c96d5128edd4",
                "sha256:c5cab230e7cabdae9ff23c12271231283efefb944c1b79bed79a91beb65ba547",
                "sha256:cbf8672edeb7b7128c4a939274801f0e32bbf5159987815e3d1eace625264a46",
                "sha256:cc2894fe91f31a513860238ede69fe47fada21f9e7ddfe73f7f9fef93a971e41",
                "sha256:cda9e628b1315beec8341e8c04aac9a0b910650b05e0751e42e399d5694aeacb",
                "sha256:ceae3ab9e11a27aaab42878f1d203600dfd24f0e43678b47298219a0f10c0d30",
                "sha256:ced944dcdd561476deef7cb7bfd4987c69fffbfeff6d02ca4d5d4fd592d559b7",
                "sha256:d04ca462cb99077e6c059e97c072957caf2918e6e4191e3161c01c439e0193de",
                "sha256:d1131562ddc2ea8a446f66c2648d7dabec2b3816fc818528eb978a75a6d23b2e",
                "sha256:d1740776b70367277323fafb76bcf09753a5cc9824f5d705bac22a34ff3668ea",
                "sha256:d6e11ffd43184d529d6752d6dcb62b994f903038a17ea2168ef1910c96324d26",
                "sha256:d73e10772152605f6648ba4410318594f1043bbfe36d2fadee7c4b8912eff7c5",
                "sha256:da8288bc4a7807c6715416deed1c57d94d5e03e93537889e002bf985be503f1a",
                "sha256:db93608a246da44d728842b8fa9e45aa9782db76955f634a707739a8d53ff544",
                "sha256:dcd3d0009fbb6e454d729f8b22d0063bd9171c31a55e0f0271119bd4f2700023",
                "sha256:dd1f49f949a658c4e8f81ed73f9aad25fcc7d4f62f767f591e749e30038c4e1d",
                "sha256:dd6ff2192f34bd622883c745a56f492b1c9ccd44e14953e8051c33024a2947d5",
                "sha256:e018a4921657c2d3f89c720b7b90b9182e277178a04a7e9542cc79d7d787ca51",
                "sha256:e2b7670c0c8c6b501464150dd49dd0d6be6cb7f049e064124911cec5514fa19e",
                "sha256:e7a33322e08021c37e89cae8ff06327503e8a1719e97c69f32c31cbf6c30d72c",
                "sha256:e8a82e35d52ad6f867e88096a1a2b9bdc7ec4d5e65c7b4976a248bf2d1a32a93",
                "sha256:e9faf8d4712d5ea301d74abfcf6dafe4b7f4af7936e91f283b0ad7bf69ed3e3a",
                "sha256:ec5ca7c0007ce268048bbe0ffc6846ed1616cf3d8628b136e81d5e64ff3f52a2",
                "sha256:eee42a1cc06565f6b21caa1f504ec15e07de7ebfd520ab57f8cb3308bc118e22",
                "sha256:f2acf9bbcd514e901f82c4ca6926bbd2ae61716728f110b4343eb0a69612d018",
                "sha256:f55c1ddcc1f6050b07d468ce594f55dbf6107b459e16f735d26818d7be1e9538",
                "sha256:f6977a520bd96e097c8a37a8cbb9faa1ea99d21bf84190195056e25f688af73d",
                "sha256:f94c7d22fb36b184734dded7345a04ec5f95130421c775b8b0c65044ef073f34",
                "sha256:fa8957e9a1b202cb45e6b839c241cd986c897be1e722b81d2f32e9c6aeee80b0",
                "sha256:fd3854148005c808c485c754a184c71116372263709958b42aefbef2e5dd373a",
                "sha256:fe5872ce6f9627deac8314bdffd3862624227c3de4c17ef0cc78bbf0402999eb",
                "sha256:ffbae429ba9e42d0582d3ac63fdb410338892468a2107d8ff68228ec9a39a0ed"
            ],
            "version": "==3.12.0"
        },
        "python-dateutil": {
            "hashes": [
                "sha256:73ebfe9dbf22e832286dafa60473e4cd239f8592f699aa5adaf10050e6e1823c",
                "sha256:75bb3f31ea686f1197762692a9ee6a7550b59fc6ca3a1f4b5d7e32fb98e2da2a"
            ],
            "index": "pypi",
            "version": "==2.8.1"
        },
        "python-dotenv": {
            "hashes": [
                "sha256:8c10c99a1b25d9a68058a1ad6f90381a62ba68230ca93966882a4dbc3bc9c33d",
                "sha256:c10863aee750ad720f4f43436565e4c1698798d763b63234fb5021b6c616e423"
            ],
            "index": "pypi",
            "version": "==0.14.0"
        },
        "python-editor": {
            "hashes": [
                "sha256:1bf6e860a8ad52a14c3ee1252d5dc25b2030618ed80c022598f00176adc8367d",
                "sha256:51fda6bcc5ddbbb7063b2af7509e43bd84bfc32a4ff71349ec7847713882327b",
                "sha256:5f98b069316ea1c2ed3f67e7f5df6c0d8f10b689964a4a811ff64f0106819ec8",
                "sha256:c3da2053dbab6b29c94e43c486ff67206eafbe7eb52dbec7390b5e2fb05aac77",
                "sha256:ea87e17f6ec459e780e4221f295411462e0d0810858e055fc514684350a2f522"
            ],
            "index": "pypi",
            "version": "==1.0.4"
        },
        "requests": {
            "hashes": [
                "sha256:27973dd4a904a4f13b263a19c866c13b92a39ed1c964655f025f3f8d3d75b804",
                "sha256:c210084e36a42ae6b9219e00e48287def368a26d03a048ddad7bfee44f75871e"
            ],
            "index": "pypi",
            "version": "==2.25.1"
        },
        "s3transfer": {
            "hashes": [
                "sha256:1e28620e5b444652ed752cf87c7e0cb15b0e578972568c6609f0f18212f259ed",
                "sha256:7fdddb4f22275cf1d32129e21f056337fd2a80b6ccef1664528145b72c49e6d2"
            ],
            "index": "pypi",
            "version": "==0.3.4"
        },
        "six": {
            "hashes": [
                "sha256:30639c035cdb23534cd4aa2dd52c3bf48f06e5f4a941509c8bafd8ce11080259",
                "sha256:8b74bedcbbbaca38ff6d7491d76f2b06b3592611af620f8426e82dddb04a5ced"
            ],
            "index": "pypi",
            "version": "==1.15.0"
        },
        "sqlalchemy": {
            "hashes": [
                "sha256:072766c3bd09294d716b2d114d46ffc5ccf8ea0b714a4e1c48253014b771c6bb",
                "sha256:107d4af989831d7b091e382d192955679ec07a9209996bf8090f1f539ffc5804",
                "sha256:15c0bcd3c14f4086701c33a9e87e2c7ceb3bcb4a246cd88ec54a49cf2a5bd1a6",
                "sha256:26c5ca9d09f0e21b8671a32f7d83caad5be1f6ff45eef5ec2f6fd0db85fc5dc0",
                "sha256:276936d41111a501cf4a1a0543e25449108d87e9f8c94714f7660eaea89ae5fe",
                "sha256:3292a28344922415f939ee7f4fc0c186f3d5a0bf02192ceabd4f1129d71b08de",
                "sha256:33d29ae8f1dc7c75b191bb6833f55a19c932514b9b5ce8c3ab9bc3047da5db36",
                "sha256:3bba2e9fbedb0511769780fe1d63007081008c5c2d7d715e91858c94dbaa260e",
                "sha256:465c999ef30b1c7525f81330184121521418a67189053bcf585824d833c05b66",
                "sha256:51064ee7938526bab92acd049d41a1dc797422256086b39c08bafeffb9d304c6",
                "sha256:5a49e8473b1ab1228302ed27365ea0fadd4bf44bc0f9e73fe38e10fdd3d6b4fc",
                "sha256:618db68745682f64cedc96ca93707805d1f3a031747b5a0d8e150cfd5055ae4d",
                "sha256:6547b27698b5b3bbfc5210233bd9523de849b2bb8a0329cd754c9308fc8a05ce",
                "sha256:6557af9e0d23f46b8cd56f8af08eaac72d2e3c632ac8d5cf4e20215a8dca7cea",
                "sha256:73a40d4fcd35fdedce07b5885905753d5d4edf413fbe53544dd871f27d48bd4f",
                "sha256:8280f9dae4adb5889ce0bb3ec6a541bf05434db5f9ab7673078c00713d148365",
                "sha256:83469ad15262402b0e0974e612546bc0b05f379b5aa9072ebf66d0f8fef16bea",
                "sha256:860d0fe234922fd5552b7f807fbb039e3e7ca58c18c8d38aa0d0a95ddf4f6c23",
                "sha256:883c9fb62cebd1e7126dd683222b3b919657590c3e2db33bdc50ebbad53e0338",
                "sha256:8afcb6f4064d234a43fea108859942d9795c4060ed0fbd9082b0f280181a15c1",
                "sha256:96f51489ac187f4bab588cf51f9ff2d40b6d170ac9a4270ffaed535c8404256b",
                "sha256:9e865835e36dfbb1873b65e722ea627c096c11b05f796831e3a9b542926e979e",
                "sha256:aa0554495fe06172b550098909be8db79b5accdf6ffb59611900bea345df5eba",
                "sha256:b595e71c51657f9ee3235db8b53d0b57c09eee74dfb5b77edff0e46d2218dc02",
                "sha256:b6ff91356354b7ff3bd208adcf875056d3d886ed7cef90c571aef2ab8a554b12",
                "sha256:b70bad2f1a5bd3460746c3fb3ab69e4e0eb5f59d977a23f9b66e5bdc74d97b86",
                "sha256:c7adb1f69a80573698c2def5ead584138ca00fff4ad9785a4b0b2bf927ba308d",
                "sha256:c898b3ebcc9eae7b36bd0b4bbbafce2d8076680f6868bcbacee2d39a7a9726a7",
                "sha256:e49947d583fe4d29af528677e4f0aa21f5e535ca2ae69c48270ebebd0d8843c0",
                "sha256:eb1d71643e4154398b02e88a42fc8b29db8c44ce4134cf0f4474bfc5cb5d4dac",
                "sha256:f2e8a9c0c8813a468aa659a01af6592f71cd30237ec27c4cc0683f089f90dcfc",
                "sha256:fe7fe11019fc3e6600819775a7d55abc5446dda07e9795f5954fdbf8a49e1c37"
            ],
            "index": "pypi",
            "version": "==1.3.19"
        },
        "tqdm": {
            "hashes": [
                "sha256:daec693491c52e9498632dfbe9ccfc4882a557f5fa08982db1b4d3adbe0887c3",
                "sha256:ebdebdb95e3477ceea267decfc0784859aa3df3e27e22d23b83e9b272bf157ae"
            ],
            "index": "pypi",
            "version": "==4.60.0"
        },
        "urllib3": {
            "hashes": [
                "sha256:1b465e494e3e0d8939b50680403e3aedaa2bc434b7d5af64dfd3c958d7f5ae80",
                "sha256:de3eedaad74a2683334e282005cd8d7f22f4d55fa690a2a1020a416cb0a47e73"
            ],
            "index": "pypi",
            "version": "==1.26.3"
        },
        "werkzeug": {
            "hashes": [
                "sha256:2de2a5db0baeae7b2d2664949077c2ac63fbd16d98da0ff71837f7d1dea3fd43",
                "sha256:6c80b1e5ad3665290ea39320b91e1be1e0d5f60652b964a3070216de83d2e47c"
            ],
            "index": "pypi",
            "version": "==1.0.1"
        },
        "wtforms": {
            "hashes": [
                "sha256:7b504fc724d0d1d4d5d5c114e778ec88c37ea53144683e084215eed5155ada4c",
                "sha256:81195de0ac94fbc8368abbaf9197b88c4f3ffd6c2719b5bf5fc9da744f3d829c"
            ],
            "index": "pypi",
            "version": "==2.3.3"
        }
    },
    "develop": {
        "psycopg2-binary": {
            "hashes": [
                "sha256:0deac2af1a587ae12836aa07970f5cb91964f05a7c6cdb69d8425ff4c15d4e2c",
                "sha256:0e4dc3d5996760104746e6cfcdb519d9d2cd27c738296525d5867ea695774e67",
                "sha256:11b9c0ebce097180129e422379b824ae21c8f2a6596b159c7659e2e5a00e1aa0",
                "sha256:15978a1fbd225583dd8cdaf37e67ccc278b5abecb4caf6b2d6b8e2b948e953f6",
                "sha256:1fabed9ea2acc4efe4671b92c669a213db744d2af8a9fc5d69a8e9bc14b7a9db",
                "sha256:2dac98e85565d5688e8ab7bdea5446674a83a3945a8f416ad0110018d1501b94",
                "sha256:42ec1035841b389e8cc3692277a0bd81cdfe0b65d575a2c8862cec7a80e62e52",
                "sha256:6422f2ff0919fd720195f64ffd8f924c1395d30f9a495f31e2392c2efafb5056",
                "sha256:6a32f3a4cb2f6e1a0b15215f448e8ce2da192fd4ff35084d80d5e39da683e79b",
                "sha256:7312e931b90fe14f925729cde58022f5d034241918a5c4f9797cac62f6b3a9dd",
                "sha256:7d92a09b788cbb1aec325af5fcba9fed7203897bbd9269d5691bb1e3bce29550",
                "sha256:833709a5c66ca52f1d21d41865a637223b368c0ee76ea54ca5bad6f2526c7679",
                "sha256:89705f45ce07b2dfa806ee84439ec67c5d9a0ef20154e0e475e2b2ed392a5b83",
                "sha256:8cd0fb36c7412996859cb4606a35969dd01f4ea34d9812a141cd920c3b18be77",
                "sha256:950bc22bb56ee6ff142a2cb9ee980b571dd0912b0334aa3fe0fe3788d860bea2",
                "sha256:a0c50db33c32594305b0ef9abc0cb7db13de7621d2cadf8392a1d9b3c437ef77",
                "sha256:a0eb43a07386c3f1f1ebb4dc7aafb13f67188eab896e7397aa1ee95a9c884eb2",
                "sha256:aaa4213c862f0ef00022751161df35804127b78adf4a2755b9f991a507e425fd",
                "sha256:ac0c682111fbf404525dfc0f18a8b5f11be52657d4f96e9fcb75daf4f3984859",
                "sha256:ad20d2eb875aaa1ea6d0f2916949f5c08a19c74d05b16ce6ebf6d24f2c9f75d1",
                "sha256:b4afc542c0ac0db720cf516dd20c0846f71c248d2b3d21013aa0d4ef9c71ca25",
                "sha256:b8a3715b3c4e604bcc94c90a825cd7f5635417453b253499664f784fc4da0152",
                "sha256:ba28584e6bca48c59eecbf7efb1576ca214b47f05194646b081717fa628dfddf",
                "sha256:ba381aec3a5dc29634f20692349d73f2d21f17653bda1decf0b52b11d694541f",
                "sha256:bd1be66dde2b82f80afb9459fc618216753f67109b859a361cf7def5c7968729",
                "sha256:c2507d796fca339c8fb03216364cca68d87e037c1f774977c8fc377627d01c71",
                "sha256:cec7e622ebc545dbb4564e483dd20e4e404da17ae07e06f3e780b2dacd5cee66",
                "sha256:d14b140a4439d816e3b1229a4a525df917d6ea22a0771a2a78332273fd9528a4",
                "sha256:d1b4ab59e02d9008efe10ceabd0b31e79519da6fb67f7d8e8977118832d0f449",
                "sha256:d5227b229005a696cc67676e24c214740efd90b148de5733419ac9aaba3773da",
                "sha256:e1f57aa70d3f7cc6947fd88636a481638263ba04a742b4a37dd25c373e41491a",
                "sha256:e74a55f6bad0e7d3968399deb50f61f4db1926acf4a6d83beaaa7df986f48b1c",
                "sha256:e82aba2188b9ba309fd8e271702bd0d0fc9148ae3150532bbb474f4590039ffb",
                "sha256:ee69dad2c7155756ad114c02db06002f4cded41132cc51378e57aad79cc8e4f4",
                "sha256:f5ab93a2cb2d8338b1674be43b442a7f544a0971da062a5da774ed40587f18f5"
            ],
            "index": "pypi",
            "version": "==2.8.6"
        }
    }
}
